
Microsoft Visual Studio Solution File, Format Version 12.00
# Visual Studio Version 17
VisualStudioVersion = 17.11.35327.3
MinimumVisualStudioVersion = 10.0.40219.1
Project("{9A19103F-16F7-4668-BE54-9A1E7A4F7556}") = "ImageBox", "ImageBox.csproj", "{F76D7ECB-273B-4E73-BD47-823EBFE0DFB7}"
EndProject
Global
	GlobalSection(SolutionConfigurationPlatforms) = preSolution
		Debug|Any CPU = Debug|Any CPU
		Release|Any CPU = Release|Any CPU
	EndGlobalSection
	GlobalSection(ProjectConfigurationPlatforms) = postSolution
		{F76D7ECB-273B-4E73-BD47-823EBFE0DFB7}.Debug|Any CPU.ActiveCfg = Debug|Any CPU
		{F76D7ECB-273B-4E73-BD47-823EBFE0DFB7}.Debug|Any CPU.Build.0 = Debug|Any CPU
		{F76D7ECB-273B-4E73-BD47-823EBFE0DFB7}.Release|Any CPU.ActiveCfg = Release|Any CPU
		{F76D7ECB-273B-4E73-BD47-823EBFE0DFB7}.Release|Any CPU.Build.0 = Release|Any CPU
	EndGlobalSection
	GlobalSection(SolutionProperties) = preSolution
		HideSolutionNode = FALSE
	EndGlobalSection
	GlobalSection(ExtensibilityGlobals) = postSolution
		SolutionGuid = {26987EC4-A5E8-441F-998D-D35D33740B0F}
	EndGlobalSection
EndGlobal
